
Microsoft Visual Studio Solution File, Format Version 12.00
# Visual Studio 2012
Project("{FAE04EC0-301F-11D3-BF4B-00C04F79EFBC}") = "ReferEngine", "ReferEngine\ReferEngine.csproj", "{61776AD4-E74C-4830-B507-9AF49EA2BF1F}"
EndProject
Global
	GlobalSection(SolutionConfigurationPlatforms) = preSolution
		Debug|Any CPU = Debug|Any CPU
		Release|Any CPU = Release|Any CPU
	EndGlobalSection
	GlobalSection(ProjectConfigurationPlatforms) = postSolution
		{61776AD4-E74C-4830-B507-9AF49EA2BF1F}.Debug|Any CPU.ActiveCfg = Debug|Any CPU
		{61776AD4-E74C-4830-B507-9AF49EA2BF1F}.Debug|Any CPU.Build.0 = Debug|Any CPU
		{61776AD4-E74C-4830-B507-9AF49EA2BF1F}.Release|Any CPU.ActiveCfg = Release|Any CPU
		{61776AD4-E74C-4830-B507-9AF49EA2BF1F}.Release|Any CPU.Build.0 = Release|Any CPU
	EndGlobalSection
	GlobalSection(SolutionProperties) = preSolution
		HideSolutionNode = FALSE
	EndGlobalSection
EndGlobal
