
Microsoft Visual Studio Solution File, Format Version 12.00
# Visual Studio 2012
Project("{CC5FD16D-436D-48AD-A40C-5A424C6E3E79}") = "ReferEngine.Cloud", "ReferEngine.Cloud\ReferEngine.Cloud.ccproj", "{23CD7E74-84B8-441A-AF6E-628E6166E93F}"
EndProject
Project("{FAE04EC0-301F-11D3-BF4B-00C04F79EFBC}") = "ReferEngine.Web", "ReferEngine.Web\ReferEngine.Web.csproj", "{8B12746F-826A-4FFC-A877-1119A0474C68}"
EndProject
Project("{FAE04EC0-301F-11D3-BF4B-00C04F79EFBC}") = "ReferEngine.Common", "ReferEngine.Common\ReferEngine.Common.csproj", "{175F5EB3-AA40-4032-A3E4-A0D9643B8D21}"
EndProject
Project("{FAE04EC0-301F-11D3-BF4B-00C04F79EFBC}") = "ReferEngine.Workers.DataWriter", "ReferEngine.Workers.DataWriter\ReferEngine.Workers.DataWriter.csproj", "{15B3E0D2-6217-493A-A690-158C497F5318}"
EndProject
Project("{FAE04EC0-301F-11D3-BF4B-00C04F79EFBC}") = "ReferEngine.Common.UnitTests", "ReferEngine.Common.UnitTests\ReferEngine.Common.UnitTests.csproj", "{DC20B55F-C0BE-4270-B3BD-46DF2E20CEB3}"
EndProject
Project("{FAE04EC0-301F-11D3-BF4B-00C04F79EFBC}") = "ReferEngine.Nuget.Windows.Javascript", "ReferEngine.Nuget.Windows.Javascript\ReferEngine.Nuget.Windows.Javascript.csproj", "{64539744-C2CD-4C1C-AF0E-307CA206E59E}"
	ProjectSection(ProjectDependencies) = postProject
		{8B12746F-826A-4FFC-A877-1119A0474C68} = {8B12746F-826A-4FFC-A877-1119A0474C68}
	EndProjectSection
EndProject
Project("{CC5FD16D-436D-48AD-A40C-5A424C6E3E79}") = "ReferEngine.WorkerCloud", "ReferEngine.WorkerCloud\ReferEngine.WorkerCloud.ccproj", "{A9B87DAB-1235-46AA-84C6-FE21C7EE19F7}"
EndProject
Project("{FAE04EC0-301F-11D3-BF4B-00C04F79EFBC}") = "ReferEngine.WorkerCloud.WinApps", "ReferEngine.WorkerCloud.WinApps\ReferEngine.WorkerCloud.WinApps.csproj", "{BBF7AF39-0EC8-45D5-8D9D-4D2BC7C35BC2}"
EndProject
Project("{2150E333-8FDC-42A3-9474-1A3956D46DE8}") = "Solution Items", "Solution Items", "{2E9C1DE6-19FF-4F02-A5FE-55C4EC6C75B3}"
	ProjectSection(SolutionItems) = preProject
		AddMigration_iOS_Local.ps1 = AddMigration_iOS_Local.ps1
		AddMigration_Production_West.ps1 = AddMigration_Production_West.ps1
		UpdateDatabase_iOS_Local.ps1 = UpdateDatabase_iOS_Local.ps1
		UpdateDatabase_iOS_Production_All.ps1 = UpdateDatabase_iOS_Production_All.ps1
		UpdateDatabase_iOS_Production_East.ps1 = UpdateDatabase_iOS_Production_East.ps1
		UpdateDatabase_iOS_Production_West.ps1 = UpdateDatabase_iOS_Production_West.ps1
		UpdateDatabase_Production_All.ps1 = UpdateDatabase_Production_All.ps1
		UpdateDatabase_Production_Asia.ps1 = UpdateDatabase_Production_Asia.ps1
		UpdateDatabase_Production_East.ps1 = UpdateDatabase_Production_East.ps1
		UpdateDatabase_Production_West.ps1 = UpdateDatabase_Production_West.ps1
		UpdateDatabase_West_Local.ps1 = UpdateDatabase_West_Local.ps1
	EndProjectSection
EndProject
Project("{CC5FD16D-436D-48AD-A40C-5A424C6E3E79}") = "ReferEngine.PingerCloud", "ReferEngine.PingerCloud\ReferEngine.PingerCloud.ccproj", "{28E922B7-A292-48FB-A538-851F8BEA9821}"
EndProject
Project("{FAE04EC0-301F-11D3-BF4B-00C04F79EFBC}") = "ReferEngine.Pinger", "ReferEngine.Pinger\ReferEngine.Pinger.csproj", "{AEBA45D3-6232-454B-8311-BB06246B8AAB}"
EndProject
Project("{CC5FD16D-436D-48AD-A40C-5A424C6E3E79}") = "ReferEngine.iTunesCollectorCloud", "ReferEngine.iTunesCollectorCloud\ReferEngine.iTunesCollectorCloud.ccproj", "{43C18189-6B18-4128-824A-7471E11CB632}"
EndProject
Project("{FAE04EC0-301F-11D3-BF4B-00C04F79EFBC}") = "ReferEngine.iTunesCollector", "ReferEngine.iTunesCollector\ReferEngine.iTunesCollector.csproj", "{BBA48BA9-C172-4A41-9862-80ED51A0F7B1}"
EndProject
Project("{CC5FD16D-436D-48AD-A40C-5A424C6E3E79}") = "ReferEngine.iOSQueueCruncherCloud", "ReferEngine.iOSQueueCruncherCloud\ReferEngine.iOSQueueCruncherCloud.ccproj", "{31A9CF70-F6B4-43BB-9703-0A5B1B485A2F}"
EndProject
Project("{FAE04EC0-301F-11D3-BF4B-00C04F79EFBC}") = "ReferEngine.iOSQueueCruncher", "ReferEngine.iOSQueueCruncher\ReferEngine.iOSQueueCruncher.csproj", "{01AAF52C-D18C-46B8-B390-55B27ED899E2}"
EndProject
Project("{CC5FD16D-436D-48AD-A40C-5A424C6E3E79}") = "appSmarts.iOSManagerCloud", "appSmarts.iOSManagerCloud\appSmarts.iOSManagerCloud.ccproj", "{CA526CED-C28F-494B-BD1C-6742CAC86A5C}"
EndProject
Project("{FAE04EC0-301F-11D3-BF4B-00C04F79EFBC}") = "appSmarts.iOSManager", "appSmarts.iOSManager\appSmarts.iOSManager.csproj", "{3F37207E-C7B7-43CC-B660-FAD9D025F8DA}"
EndProject
Global
	GlobalSection(SolutionConfigurationPlatforms) = preSolution
		Debug|Any CPU = Debug|Any CPU
		Release|Any CPU = Release|Any CPU
	EndGlobalSection
	GlobalSection(ProjectConfigurationPlatforms) = postSolution
		{23CD7E74-84B8-441A-AF6E-628E6166E93F}.Debug|Any CPU.ActiveCfg = Debug|Any CPU
		{23CD7E74-84B8-441A-AF6E-628E6166E93F}.Debug|Any CPU.Build.0 = Debug|Any CPU
		{23CD7E74-84B8-441A-AF6E-628E6166E93F}.Release|Any CPU.ActiveCfg = Release|Any CPU
		{23CD7E74-84B8-441A-AF6E-628E6166E93F}.Release|Any CPU.Build.0 = Release|Any CPU
		{8B12746F-826A-4FFC-A877-1119A0474C68}.Debug|Any CPU.ActiveCfg = Debug|Any CPU
		{8B12746F-826A-4FFC-A877-1119A0474C68}.Debug|Any CPU.Build.0 = Debug|Any CPU
		{8B12746F-826A-4FFC-A877-1119A0474C68}.Release|Any CPU.ActiveCfg = Release|Any CPU
		{8B12746F-826A-4FFC-A877-1119A0474C68}.Release|Any CPU.Build.0 = Release|Any CPU
		{175F5EB3-AA40-4032-A3E4-A0D9643B8D21}.Debug|Any CPU.ActiveCfg = Debug|Any CPU
		{175F5EB3-AA40-4032-A3E4-A0D9643B8D21}.Debug|Any CPU.Build.0 = Debug|Any CPU
		{175F5EB3-AA40-4032-A3E4-A0D9643B8D21}.Release|Any CPU.ActiveCfg = Release|Any CPU
		{175F5EB3-AA40-4032-A3E4-A0D9643B8D21}.Release|Any CPU.Build.0 = Release|Any CPU
		{15B3E0D2-6217-493A-A690-158C497F5318}.Debug|Any CPU.ActiveCfg = Debug|Any CPU
		{15B3E0D2-6217-493A-A690-158C497F5318}.Debug|Any CPU.Build.0 = Debug|Any CPU
		{15B3E0D2-6217-493A-A690-158C497F5318}.Release|Any CPU.ActiveCfg = Release|Any CPU
		{15B3E0D2-6217-493A-A690-158C497F5318}.Release|Any CPU.Build.0 = Release|Any CPU
		{DC20B55F-C0BE-4270-B3BD-46DF2E20CEB3}.Debug|Any CPU.ActiveCfg = Debug|Any CPU
		{DC20B55F-C0BE-4270-B3BD-46DF2E20CEB3}.Debug|Any CPU.Build.0 = Debug|Any CPU
		{DC20B55F-C0BE-4270-B3BD-46DF2E20CEB3}.Release|Any CPU.ActiveCfg = Release|Any CPU
		{DC20B55F-C0BE-4270-B3BD-46DF2E20CEB3}.Release|Any CPU.Build.0 = Release|Any CPU
		{64539744-C2CD-4C1C-AF0E-307CA206E59E}.Debug|Any CPU.ActiveCfg = Debug|Any CPU
		{64539744-C2CD-4C1C-AF0E-307CA206E59E}.Debug|Any CPU.Build.0 = Debug|Any CPU
		{64539744-C2CD-4C1C-AF0E-307CA206E59E}.Release|Any CPU.ActiveCfg = Release|Any CPU
		{64539744-C2CD-4C1C-AF0E-307CA206E59E}.Release|Any CPU.Build.0 = Release|Any CPU
		{A9B87DAB-1235-46AA-84C6-FE21C7EE19F7}.Debug|Any CPU.ActiveCfg = Debug|Any CPU
		{A9B87DAB-1235-46AA-84C6-FE21C7EE19F7}.Debug|Any CPU.Build.0 = Debug|Any CPU
		{A9B87DAB-1235-46AA-84C6-FE21C7EE19F7}.Release|Any CPU.ActiveCfg = Release|Any CPU
		{A9B87DAB-1235-46AA-84C6-FE21C7EE19F7}.Release|Any CPU.Build.0 = Release|Any CPU
		{BBF7AF39-0EC8-45D5-8D9D-4D2BC7C35BC2}.Debug|Any CPU.ActiveCfg = Debug|Any CPU
		{BBF7AF39-0EC8-45D5-8D9D-4D2BC7C35BC2}.Debug|Any CPU.Build.0 = Debug|Any CPU
		{BBF7AF39-0EC8-45D5-8D9D-4D2BC7C35BC2}.Release|Any CPU.ActiveCfg = Release|Any CPU
		{BBF7AF39-0EC8-45D5-8D9D-4D2BC7C35BC2}.Release|Any CPU.Build.0 = Release|Any CPU
		{28E922B7-A292-48FB-A538-851F8BEA9821}.Debug|Any CPU.ActiveCfg = Debug|Any CPU
		{28E922B7-A292-48FB-A538-851F8BEA9821}.Debug|Any CPU.Build.0 = Debug|Any CPU
		{28E922B7-A292-48FB-A538-851F8BEA9821}.Release|Any CPU.ActiveCfg = Release|Any CPU
		{28E922B7-A292-48FB-A538-851F8BEA9821}.Release|Any CPU.Build.0 = Release|Any CPU
		{AEBA45D3-6232-454B-8311-BB06246B8AAB}.Debug|Any CPU.ActiveCfg = Debug|Any CPU
		{AEBA45D3-6232-454B-8311-BB06246B8AAB}.Debug|Any CPU.Build.0 = Debug|Any CPU
		{AEBA45D3-6232-454B-8311-BB06246B8AAB}.Release|Any CPU.ActiveCfg = Release|Any CPU
		{AEBA45D3-6232-454B-8311-BB06246B8AAB}.Release|Any CPU.Build.0 = Release|Any CPU
		{43C18189-6B18-4128-824A-7471E11CB632}.Debug|Any CPU.ActiveCfg = Debug|Any CPU
		{43C18189-6B18-4128-824A-7471E11CB632}.Debug|Any CPU.Build.0 = Debug|Any CPU
		{43C18189-6B18-4128-824A-7471E11CB632}.Release|Any CPU.ActiveCfg = Release|Any CPU
		{43C18189-6B18-4128-824A-7471E11CB632}.Release|Any CPU.Build.0 = Release|Any CPU
		{BBA48BA9-C172-4A41-9862-80ED51A0F7B1}.Debug|Any CPU.ActiveCfg = Debug|Any CPU
		{BBA48BA9-C172-4A41-9862-80ED51A0F7B1}.Debug|Any CPU.Build.0 = Debug|Any CPU
		{BBA48BA9-C172-4A41-9862-80ED51A0F7B1}.Release|Any CPU.ActiveCfg = Release|Any CPU
		{BBA48BA9-C172-4A41-9862-80ED51A0F7B1}.Release|Any CPU.Build.0 = Release|Any CPU
		{31A9CF70-F6B4-43BB-9703-0A5B1B485A2F}.Debug|Any CPU.ActiveCfg = Debug|Any CPU
		{31A9CF70-F6B4-43BB-9703-0A5B1B485A2F}.Debug|Any CPU.Build.0 = Debug|Any CPU
		{31A9CF70-F6B4-43BB-9703-0A5B1B485A2F}.Release|Any CPU.ActiveCfg = Release|Any CPU
		{31A9CF70-F6B4-43BB-9703-0A5B1B485A2F}.Release|Any CPU.Build.0 = Release|Any CPU
		{01AAF52C-D18C-46B8-B390-55B27ED899E2}.Debug|Any CPU.ActiveCfg = Debug|Any CPU
		{01AAF52C-D18C-46B8-B390-55B27ED899E2}.Debug|Any CPU.Build.0 = Debug|Any CPU
		{01AAF52C-D18C-46B8-B390-55B27ED899E2}.Release|Any CPU.ActiveCfg = Release|Any CPU
		{01AAF52C-D18C-46B8-B390-55B27ED899E2}.Release|Any CPU.Build.0 = Release|Any CPU
		{CA526CED-C28F-494B-BD1C-6742CAC86A5C}.Debug|Any CPU.ActiveCfg = Debug|Any CPU
		{CA526CED-C28F-494B-BD1C-6742CAC86A5C}.Debug|Any CPU.Build.0 = Debug|Any CPU
		{CA526CED-C28F-494B-BD1C-6742CAC86A5C}.Release|Any CPU.ActiveCfg = Release|Any CPU
		{CA526CED-C28F-494B-BD1C-6742CAC86A5C}.Release|Any CPU.Build.0 = Release|Any CPU
		{3F37207E-C7B7-43CC-B660-FAD9D025F8DA}.Debug|Any CPU.ActiveCfg = Debug|Any CPU
		{3F37207E-C7B7-43CC-B660-FAD9D025F8DA}.Debug|Any CPU.Build.0 = Debug|Any CPU
		{3F37207E-C7B7-43CC-B660-FAD9D025F8DA}.Release|Any CPU.ActiveCfg = Release|Any CPU
		{3F37207E-C7B7-43CC-B660-FAD9D025F8DA}.Release|Any CPU.Build.0 = Release|Any CPU
	EndGlobalSection
	GlobalSection(SolutionProperties) = preSolution
		HideSolutionNode = FALSE
	EndGlobalSection
EndGlobal
