
Microsoft Visual Studio Solution File, Format Version 12.00
# Visual Studio 2012
Project("{FAE04EC0-301F-11D3-BF4B-00C04F79EFBC}") = "eManager", "eManager\eManager.csproj", "{02B96326-312D-4E58-8679-E337DE0963B8}"
EndProject
Project("{FAE04EC0-301F-11D3-BF4B-00C04F79EFBC}") = "eManager.Web", "eManager.Web\eManager.Web.csproj", "{E622E67C-EEAA-4A60-8710-4AC878A9C72C}"
EndProject
Global
	GlobalSection(SolutionConfigurationPlatforms) = preSolution
		Debug|Any CPU = Debug|Any CPU
		Release|Any CPU = Release|Any CPU
	EndGlobalSection
	GlobalSection(ProjectConfigurationPlatforms) = postSolution
		{02B96326-312D-4E58-8679-E337DE0963B8}.Debug|Any CPU.ActiveCfg = Debug|Any CPU
		{02B96326-312D-4E58-8679-E337DE0963B8}.Debug|Any CPU.Build.0 = Debug|Any CPU
		{02B96326-312D-4E58-8679-E337DE0963B8}.Release|Any CPU.ActiveCfg = Release|Any CPU
		{02B96326-312D-4E58-8679-E337DE0963B8}.Release|Any CPU.Build.0 = Release|Any CPU
		{E622E67C-EEAA-4A60-8710-4AC878A9C72C}.Debug|Any CPU.ActiveCfg = Debug|Any CPU
		{E622E67C-EEAA-4A60-8710-4AC878A9C72C}.Debug|Any CPU.Build.0 = Debug|Any CPU
		{E622E67C-EEAA-4A60-8710-4AC878A9C72C}.Release|Any CPU.ActiveCfg = Release|Any CPU
		{E622E67C-EEAA-4A60-8710-4AC878A9C72C}.Release|Any CPU.Build.0 = Release|Any CPU
	EndGlobalSection
	GlobalSection(SolutionProperties) = preSolution
		HideSolutionNode = FALSE
	EndGlobalSection
EndGlobal
